// !$*UTF8*$!
{
	archiveVersion = 1;
	classes = {
	};
	objectVersion = 50;
	objects = {

/* Begin PBXBuildFile section */
		A4467DF72552EAA800F0934A /* WebView.swift in Sources */ = {isa = PBXBuildFile; fileRef = A4467DF62552EAA800F0934A /* WebView.swift */; };
		A47E3CC62552DF31002C7910 /* AppDelegate.swift in Sources */ = {isa = PBXBuildFile; fileRef = A47E3CC52552DF31002C7910 /* AppDelegate.swift */; };
		A47E3CC82552DF32002C7910 /* SceneDelegate.swift in Sources */ = {isa = PBXBuildFile; fileRef = A47E3CC72552DF32002C7910 /* SceneDelegate.swift */; };
		A47E3CCA2552DF32002C7910 /* ContentView.swift in Sources */ = {isa = PBXBuildFile; fileRef = A47E3CC92552DF32002C7910 /* ContentView.swift */; };
		A47E3CCC2552DF36002C7910 /* Assets.xcassets in Resources */ = {isa = PBXBuildFile; fileRef = A47E3CCB2552DF36002C7910 /* Assets.xcassets */; };
		A47E3CCF2552DF36002C7910 /* Preview Assets.xcassets in Resources */ = {isa = PBXBuildFile; fileRef = A47E3CCE2552DF36002C7910 /* Preview Assets.xcassets */; };
		A47E3CD22552DF36002C7910 /* LaunchScreen.storyboard in Resources */ = {isa = PBXBuildFile; fileRef = A47E3CD02552DF36002C7910 /* LaunchScreen.storyboard */; };
		A47E3CDC2552E1CE002C7910 /* NetworkManager.swift in Sources */ = {isa = PBXBuildFile; fileRef = A47E3CDB2552E1CE002C7910 /* NetworkManager.swift */; };
		A47E3CE02552E2C5002C7910 /* PostData.swift in Sources */ = {isa = PBXBuildFile; fileRef = A47E3CDF2552E2C5002C7910 /* PostData.swift */; };
		A47E3CE42552E726002C7910 /* DetailView.swift in Sources */ = {isa = PBXBuildFile; fileRef = A47E3CE32552E726002C7910 /* DetailView.swift */; };
/* End PBXBuildFile section */

/* Begin PBXFileReference section */
		A4467DF62552EAA800F0934A /* WebView.swift */ = {isa = PBXFileReference; lastKnownFileType = sourcecode.swift; path = WebView.swift; sourceTree = "<group>"; };
		A47E3CC22552DF31002C7910 /* NewsReader.app */ = {isa = PBXFileReference; explicitFileType = wrapper.application; includeInIndex = 0; path = NewsReader.app; sourceTree = BUILT_PRODUCTS_DIR; };
		A47E3CC52552DF31002C7910 /* AppDelegate.swift */ = {isa = PBXFileReference; lastKnownFileType = sourcecode.swift; path = AppDelegate.swift; sourceTree = "<group>"; };
		A47E3CC72552DF32002C7910 /* SceneDelegate.swift */ = {isa = PBXFileReference; lastKnownFileType = sourcecode.swift; path = SceneDelegate.swift; sourceTree = "<group>"; };
		A47E3CC92552DF32002C7910 /* ContentView.swift */ = {isa = PBXFileReference; lastKnownFileType = sourcecode.swift; path = ContentView.swift; sourceTree = "<group>"; };
		A47E3CCB2552DF36002C7910 /* Assets.xcassets */ = {isa = PBXFileReference; lastKnownFileType = folder.assetcatalog; path = Assets.xcassets; sourceTree = "<group>"; };
		A47E3CCE2552DF36002C7910 /* Preview Assets.xcassets */ = {isa = PBXFileReference; lastKnownFileType = folder.assetcatalog; path = "Preview Assets.xcassets"; sourceTree = "<group>"; };
		A47E3CD12552DF36002C7910 /* Base */ = {isa = PBXFileReference; lastKnownFileType = file.storyboard; name = Base; path = Base.lproj/LaunchScreen.storyboard; sourceTree = "<group>"; };
		A47E3CD32552DF36002C7910 /* Info.plist */ = {isa = PBXFileReference; lastKnownFileType = text.plist.xml; path = Info.plist; sourceTree = "<group>"; };
		A47E3CDB2552E1CE002C7910 /* NetworkManager.swift */ = {isa = PBXFileReference; lastKnownFileType = sourcecode.swift; path = NetworkManager.swift; sourceTree = "<group>"; };
		A47E3CDF2552E2C5002C7910 /* PostData.swift */ = {isa = PBXFileReference; lastKnownFileType = sourcecode.swift; path = PostData.swift; sourceTree = "<group>"; };
		A47E3CE32552E726002C7910 /* DetailView.swift */ = {isa = PBXFileReference; lastKnownFileType = sourcecode.swift; path = DetailView.swift; sourceTree = "<group>"; };
/* End PBXFileReference section */

/* Begin PBXFrameworksBuildPhase section */
		A47E3CBF2552DF31002C7910 /* Frameworks */ = {
			isa = PBXFrameworksBuildPhase;
			buildActionMask = 2147483647;
			files = (
			);
			runOnlyForDeploymentPostprocessing = 0;
		};
/* End PBXFrameworksBuildPhase section */

/* Begin PBXGroup section */
		A47E3CB92552DF31002C7910 = {
			isa = PBXGroup;
			children = (
				A47E3CC42552DF31002C7910 /* NewsReader */,
				A47E3CC32552DF31002C7910 /* Products */,
			);
			sourceTree = "<group>";
		};
		A47E3CC32552DF31002C7910 /* Products */ = {
			isa = PBXGroup;
			children = (
				A47E3CC22552DF31002C7910 /* NewsReader.app */,
			);
			name = Products;
			sourceTree = "<group>";
		};
		A47E3CC42552DF31002C7910 /* NewsReader */ = {
			isa = PBXGroup;
			children = (
				A47E3CC52552DF31002C7910 /* AppDelegate.swift */,
				A47E3CC72552DF32002C7910 /* SceneDelegate.swift */,
				A47E3CE22552E712002C7910 /* Views */,
				A47E3CDA2552E1BC002C7910 /* Models */,
				A47E3CCB2552DF36002C7910 /* Assets.xcassets */,
				A47E3CD02552DF36002C7910 /* LaunchScreen.storyboard */,
				A47E3CD32552DF36002C7910 /* Info.plist */,
				A47E3CCD2552DF36002C7910 /* Preview Content */,
			);
			path = NewsReader;
			sourceTree = "<group>";
		};
		A47E3CCD2552DF36002C7910 /* Preview Content */ = {
			isa = PBXGroup;
			children = (
				A47E3CCE2552DF36002C7910 /* Preview Assets.xcassets */,
			);
			path = "Preview Content";
			sourceTree = "<group>";
		};
		A47E3CDA2552E1BC002C7910 /* Models */ = {
			isa = PBXGroup;
			children = (
				A47E3CDB2552E1CE002C7910 /* NetworkManager.swift */,
				A47E3CDF2552E2C5002C7910 /* PostData.swift */,
			);
			path = Models;
			sourceTree = "<group>";
		};
		A47E3CE22552E712002C7910 /* Views */ = {
			isa = PBXGroup;
			children = (
				A47E3CC92552DF32002C7910 /* ContentView.swift */,
				A47E3CE32552E726002C7910 /* DetailView.swift */,
				A4467DF62552EAA800F0934A /* WebView.swift */,
			);
			path = Views;
			sourceTree = "<group>";
		};
/* End PBXGroup section */

/* Begin PBXNativeTarget section */
		A47E3CC12552DF31002C7910 /* NewsReader */ = {
			isa = PBXNativeTarget;
			buildConfigurationList = A47E3CD62552DF36002C7910 /* Build configuration list for PBXNativeTarget "NewsReader" */;
			buildPhases = (
				A47E3CBE2552DF31002C7910 /* Sources */,
				A47E3CBF2552DF31002C7910 /* Frameworks */,
				A47E3CC02552DF31002C7910 /* Resources */,
			);
			buildRules = (
			);
			dependencies = (
			);
			name = NewsReader;
			productName = NewsReader;
			productReference = A47E3CC22552DF31002C7910 /* NewsReader.app */;
			productType = "com.apple.product-type.application";
		};
/* End PBXNativeTarget section */

/* Begin PBXProject section */
		A47E3CBA2552DF31002C7910 /* Project object */ = {
			isa = PBXProject;
			attributes = {
				LastSwiftUpdateCheck = 1210;
				LastUpgradeCheck = 1210;
				TargetAttributes = {
					A47E3CC12552DF31002C7910 = {
						CreatedOnToolsVersion = 12.1;
					};
				};
			};
			buildConfigurationList = A47E3CBD2552DF31002C7910 /* Build configuration list for PBXProject "NewsReader" */;
			compatibilityVersion = "Xcode 9.3";
			developmentRegion = en;
			hasScannedForEncodings = 0;
			knownRegions = (
				en,
				Base,
			);
			mainGroup = A47E3CB92552DF31002C7910;
			productRefGroup = A47E3CC32552DF31002C7910 /* Products */;
			projectDirPath = "";
			projectRoot = "";
			targets = (
				A47E3CC12552DF31002C7910 /* NewsReader */,
			);
		};
/* End PBXProject section */

/* Begin PBXResourcesBuildPhase section */
		A47E3CC02552DF31002C7910 /* Resources */ = {
			isa = PBXResourcesBuildPhase;
			buildActionMask = 2147483647;
			files = (
				A47E3CD22552DF36002C7910 /* LaunchScreen.storyboard in Resources */,
				A47E3CCF2552DF36002C7910 /* Preview Assets.xcassets in Resources */,
				A47E3CCC2552DF36002C7910 /* Assets.xcassets in Resources */,
			);
			runOnlyForDeploymentPostprocessing = 0;
		};
/* End PBXResourcesBuildPhase section */

/* Begin PBXSourcesBuildPhase section */
		A47E3CBE2552DF31002C7910 /* Sources */ = {
			isa = PBXSourcesBuildPhase;
			buildActionMask = 2147483647;
			files = (
				A47E3CE02552E2C5002C7910 /* PostData.swift in Sources */,
				A47E3CE42552E726002C7910 /* DetailView.swift in Sources */,
				A47E3CDC2552E1CE002C7910 /* NetworkManager.swift in Sources */,
				A47E3CC62552DF31002C7910 /* AppDelegate.swift in Sources */,
				A47E3CC82552DF32002C7910 /* SceneDelegate.swift in Sources */,
				A47E3CCA2552DF32002C7910 /* ContentView.swift in Sources */,
				A4467DF72552EAA800F0934A /* WebView.swift in Sources */,
			);
			runOnlyForDeploymentPostprocessing = 0;
		};
/* End PBXSourcesBuildPhase section */

/* Begin PBXVariantGroup section */
		A47E3CD02552DF36002C7910 /* LaunchScreen.storyboard */ = {
			isa = PBXVariantGroup;
			children = (
				A47E3CD12552DF36002C7910 /* Base */,
			);
			name = LaunchScreen.storyboard;
			sourceTree = "<group>";
		};
/* End PBXVariantGroup section */

/* Begin XCBuildConfiguration section */
		A47E3CD42552DF36002C7910 /* Debug */ = {
			isa = XCBuildConfiguration;
			buildSettings = {
				ALWAYS_SEARCH_USER_PATHS = NO;
				CLANG_ANALYZER_NONNULL = YES;
				CLANG_ANALYZER_NUMBER_OBJECT_CONVERSION = YES_AGGRESSIVE;
				CLANG_CXX_LANGUAGE_STANDARD = "gnu++14";
				CLANG_CXX_LIBRARY = "libc++";
				CLANG_ENABLE_MODULES = YES;
				CLANG_ENABLE_OBJC_ARC = YES;
				CLANG_ENABLE_OBJC_WEAK = YES;
				CLANG_WARN_BLOCK_CAPTURE_AUTORELEASING = YES;
				CLANG_WARN_BOOL_CONVERSION = YES;
				CLANG_WARN_COMMA = YES;
				CLANG_WARN_CONSTANT_CONVERSION = YES;
				CLANG_WARN_DEPRECATED_OBJC_IMPLEMENTATIONS = YES;
				CLANG_WARN_DIRECT_OBJC_ISA_USAGE = YES_ERROR;
				CLANG_WARN_DOCUMENTATION_COMMENTS = YES;
				CLANG_WARN_EMPTY_BODY = YES;
				CLANG_WARN_ENUM_CONVERSION = YES;
				CLANG_WARN_INFINITE_RECURSION = YES;
				CLANG_WARN_INT_CONVERSION = YES;
				CLANG_WARN_NON_LITERAL_NULL_CONVERSION = YES;
				CLANG_WARN_OBJC_IMPLICIT_RETAIN_SELF = YES;
				CLANG_WARN_OBJC_LITERAL_CONVERSION = YES;
				CLANG_WARN_OBJC_ROOT_CLASS = YES_ERROR;
				CLANG_WARN_QUOTED_INCLUDE_IN_FRAMEWORK_HEADER = YES;
				CLANG_WARN_RANGE_LOOP_ANALYSIS = YES;
				CLANG_WARN_STRICT_PROTOTYPES = YES;
				CLANG_WARN_SUSPICIOUS_MOVE = YES;
				CLANG_WARN_UNGUARDED_AVAILABILITY = YES_AGGRESSIVE;
				CLANG_WARN_UNREACHABLE_CODE = YES;
				CLANG_WARN__DUPLICATE_METHOD_MATCH = YES;
				COPY_PHASE_STRIP = NO;
				DEBUG_INFORMATION_FORMAT = dwarf;
				ENABLE_STRICT_OBJC_MSGSEND = YES;
				ENABLE_TESTABILITY = YES;
				GCC_C_LANGUAGE_STANDARD = gnu11;
				GCC_DYNAMIC_NO_PIC = NO;
				GCC_NO_COMMON_BLOCKS = YES;
				GCC_OPTIMIZATION_LEVEL = 0;
				GCC_PREPROCESSOR_DEFINITIONS = (
					"DEBUG=1",
					"$(inherited)",
				);
				GCC_WARN_64_TO_32_BIT_CONVERSION = YES;
				GCC_WARN_ABOUT_RETURN_TYPE = YES_ERROR;
				GCC_WARN_UNDECLARED_SELECTOR = YES;
				GCC_WARN_UNINITIALIZED_AUTOS = YES_AGGRESSIVE;
				GCC_WARN_UNUSED_FUNCTION = YES;
				GCC_WARN_UNUSED_VARIABLE = YES;
				IPHONEOS_DEPLOYMENT_TARGET = 14.1;
				MTL_ENABLE_DEBUG_INFO = INCLUDE_SOURCE;
				MTL_FAST_MATH = YES;
				ONLY_ACTIVE_ARCH = YES;
				SDKROOT = iphoneos;
				SWIFT_ACTIVE_COMPILATION_CONDITIONS = DEBUG;
				SWIFT_OPTIMIZATION_LEVEL = "-Onone";
			};
			name = Debug;
		};
		A47E3CD52552DF36002C7910 /* Release */ = {
			isa = XCBuildConfiguration;
			buildSettings = {
				ALWAYS_SEARCH_USER_PATHS = NO;
				CLANG_ANALYZER_NONNULL = YES;
				CLANG_ANALYZER_NUMBER_OBJECT_CONVERSION = YES_AGGRESSIVE;
				CLANG_CXX_LANGUAGE_STANDARD = "gnu++14";
				CLANG_CXX_LIBRARY = "libc++";
				CLANG_ENABLE_MODULES = YES;
				CLANG_ENABLE_OBJC_ARC = YES;
				CLANG_ENABLE_OBJC_WEAK = YES;
				CLANG_WARN_BLOCK_CAPTURE_AUTORELEASING = YES;
				CLANG_WARN_BOOL_CONVERSION = YES;
				CLANG_WARN_COMMA = YES;
				CLANG_WARN_CONSTANT_CONVERSION = YES;
				CLANG_WARN_DEPRECATED_OBJC_IMPLEMENTATIONS = YES;
				CLANG_WARN_DIRECT_OBJC_ISA_USAGE = YES_ERROR;
				CLANG_WARN_DOCUMENTATION_COMMENTS = YES;
				CLANG_WARN_EMPTY_BODY = YES;
				CLANG_WARN_ENUM_CONVERSION = YES;
				CLANG_WARN_INFINITE_RECURSION = YES;
				CLANG_WARN_INT_CONVERSION = YES;
				CLANG_WARN_NON_LITERAL_NULL_CONVERSION = YES;
				CLANG_WARN_OBJC_IMPLICIT_RETAIN_SELF = YES;
				CLANG_WARN_OBJC_LITERAL_CONVERSION = YES;
				CLANG_WARN_OBJC_ROOT_CLASS = YES_ERROR;
				CLANG_WARN_QUOTED_INCLUDE_IN_FRAMEWORK_HEADER = YES;
				CLANG_WARN_RANGE_LOOP_ANALYSIS = YES;
				CLANG_WARN_STRICT_PROTOTYPES = YES;
				CLANG_WARN_SUSPICIOUS_MOVE = YES;
				CLANG_WARN_UNGUARDED_AVAILABILITY = YES_AGGRESSIVE;
				CLANG_WARN_UNREACHABLE_CODE = YES;
				CLANG_WARN__DUPLICATE_METHOD_MATCH = YES;
				COPY_PHASE_STRIP = NO;
				DEBUG_INFORMATION_FORMAT = "dwarf-with-dsym";
				ENABLE_NS_ASSERTIONS = NO;
				ENABLE_STRICT_OBJC_MSGSEND = YES;
				GCC_C_LANGUAGE_STANDARD = gnu11;
				GCC_NO_COMMON_BLOCKS = YES;
				GCC_WARN_64_TO_32_BIT_CONVERSION = YES;
				GCC_WARN_ABOUT_RETURN_TYPE = YES_ERROR;
				GCC_WARN_UNDECLARED_SELECTOR = YES;
				GCC_WARN_UNINITIALIZED_AUTOS = YES_AGGRESSIVE;
				GCC_WARN_UNUSED_FUNCTION = YES;
				GCC_WARN_UNUSED_VARIABLE = YES;
				IPHONEOS_DEPLOYMENT_TARGET = 14.1;
				MTL_ENABLE_DEBUG_INFO = NO;
				MTL_FAST_MATH = YES;
				SDKROOT = iphoneos;
				SWIFT_COMPILATION_MODE = wholemodule;
				SWIFT_OPTIMIZATION_LEVEL = "-O";
				VALIDATE_PRODUCT = YES;
			};
			name = Release;
		};
		A47E3CD72552DF36002C7910 /* Debug */ = {
			isa = XCBuildConfiguration;
			buildSettings = {
				ASSETCATALOG_COMPILER_APPICON_NAME = AppIcon;
				ASSETCATALOG_COMPILER_GLOBAL_ACCENT_COLOR_NAME = AccentColor;
				CODE_SIGN_STYLE = Automatic;
				DEVELOPMENT_ASSET_PATHS = "\"NewsReader/Preview Content\"";
				DEVELOPMENT_TEAM = 8D4ZCZKR44;
				ENABLE_PREVIEWS = YES;
				INFOPLIST_FILE = NewsReader/Info.plist;
				LD_RUNPATH_SEARCH_PATHS = (
					"$(inherited)",
					"@executable_path/Frameworks",
				);
				PRODUCT_BUNDLE_IDENTIFIER = com.notynote.NewsReader;
				PRODUCT_NAME = "$(TARGET_NAME)";
				SWIFT_VERSION = 5.0;
				TARGETED_DEVICE_FAMILY = "1,2";
			};
			name = Debug;
		};
		A47E3CD82552DF36002C7910 /* Release */ = {
			isa = XCBuildConfiguration;
			buildSettings = {
				ASSETCATALOG_COMPILER_APPICON_NAME = AppIcon;
				ASSETCATALOG_COMPILER_GLOBAL_ACCENT_COLOR_NAME = AccentColor;
				CODE_SIGN_STYLE = Automatic;
				DEVELOPMENT_ASSET_PATHS = "\"NewsReader/Preview Content\"";
				DEVELOPMENT_TEAM = 8D4ZCZKR44;
				ENABLE_PREVIEWS = YES;
				INFOPLIST_FILE = NewsReader/Info.plist;
				LD_RUNPATH_SEARCH_PATHS = (
					"$(inherited)",
					"@executable_path/Frameworks",
				);
				PRODUCT_BUNDLE_IDENTIFIER = com.notynote.NewsReader;
				PRODUCT_NAME = "$(TARGET_NAME)";
				SWIFT_VERSION = 5.0;
				TARGETED_DEVICE_FAMILY = "1,2";
			};
			name = Release;
		};
/* End XCBuildConfiguration section */

/* Begin XCConfigurationList section */
		A47E3CBD2552DF31002C7910 /* Build configuration list for PBXProject "NewsReader" */ = {
			isa = XCConfigurationList;
			buildConfigurations = (
				A47E3CD42552DF36002C7910 /* Debug */,
				A47E3CD52552DF36002C7910 /* Release */,
			);
			defaultConfigurationIsVisible = 0;
			defaultConfigurationName = Release;
		};
		A47E3CD62552DF36002C7910 /* Build configuration list for PBXNativeTarget "NewsReader" */ = {
			isa = XCConfigurationList;
			buildConfigurations = (
				A47E3CD72552DF36002C7910 /* Debug */,
				A47E3CD82552DF36002C7910 /* Release */,
			);
			defaultConfigurationIsVisible = 0;
			defaultConfigurationName = Release;
		};
/* End XCConfigurationList section */
	};
	rootObject = A47E3CBA2552DF31002C7910 /* Project object */;
}
